
Microsoft Visual Studio Solution File, Format Version 12.00
# Visual Studio Version 17
VisualStudioVersion = 17.3.32929.385
MinimumVisualStudioVersion = 10.0.40219.1
Project("{FAE04EC0-301F-11D3-BF4B-00C04F79EFBC}") = "Mediator_design_pattern_api", "Mediator_design_pattern_api\Mediator_design_pattern_api.csproj", "{21AA1C9B-D142-4B05-A536-74451B15CF8F}"
EndProject
Project("{FAE04EC0-301F-11D3-BF4B-00C04F79EFBC}") = "Mediator_design_pattern_Code_Imp", "Mediator_design_pattern_Code_Imp\Mediator_design_pattern_Code_Imp.csproj", "{2B16E7ED-7768-40B0-914D-714D37F3BBF6}"
EndProject
Project("{FAE04EC0-301F-11D3-BF4B-00C04F79EFBC}") = "Mediator_design_pattern_mediatR", "Mediator_design_pattern_mediatR\Mediator_design_pattern_mediatR.csproj", "{011DB674-1287-442B-A704-31EBD9676414}"
EndProject
Project("{9A19103F-16F7-4668-BE54-9A1E7A4F7556}") = "ParkyApi", "..\parky\ParkyApi\ParkyApi.csproj", "{2DE2692C-8D46-4B89-8FD8-CF3DF95FD982}"
EndProject
Project("{FAE04EC0-301F-11D3-BF4B-00C04F79EFBC}") = "Mediator_design_pattern_product", "Mediator_design_pattern_product\Mediator_design_pattern_product.csproj", "{A4EC5479-0676-435E-8226-F84D280B299A}"
EndProject
Global
	GlobalSection(SolutionConfigurationPlatforms) = preSolution
		Debug|Any CPU = Debug|Any CPU
		Release|Any CPU = Release|Any CPU
	EndGlobalSection
	GlobalSection(ProjectConfigurationPlatforms) = postSolution
		{21AA1C9B-D142-4B05-A536-74451B15CF8F}.Debug|Any CPU.ActiveCfg = Debug|Any CPU
		{21AA1C9B-D142-4B05-A536-74451B15CF8F}.Debug|Any CPU.Build.0 = Debug|Any CPU
		{21AA1C9B-D142-4B05-A536-74451B15CF8F}.Release|Any CPU.ActiveCfg = Release|Any CPU
		{21AA1C9B-D142-4B05-A536-74451B15CF8F}.Release|Any CPU.Build.0 = Release|Any CPU
		{2B16E7ED-7768-40B0-914D-714D37F3BBF6}.Debug|Any CPU.ActiveCfg = Debug|Any CPU
		{2B16E7ED-7768-40B0-914D-714D37F3BBF6}.Debug|Any CPU.Build.0 = Debug|Any CPU
		{2B16E7ED-7768-40B0-914D-714D37F3BBF6}.Release|Any CPU.ActiveCfg = Release|Any CPU
		{2B16E7ED-7768-40B0-914D-714D37F3BBF6}.Release|Any CPU.Build.0 = Release|Any CPU
		{011DB674-1287-442B-A704-31EBD9676414}.Debug|Any CPU.ActiveCfg = Debug|Any CPU
		{011DB674-1287-442B-A704-31EBD9676414}.Debug|Any CPU.Build.0 = Debug|Any CPU
		{011DB674-1287-442B-A704-31EBD9676414}.Release|Any CPU.ActiveCfg = Release|Any CPU
		{011DB674-1287-442B-A704-31EBD9676414}.Release|Any CPU.Build.0 = Release|Any CPU
		{2DE2692C-8D46-4B89-8FD8-CF3DF95FD982}.Debug|Any CPU.ActiveCfg = Debug|Any CPU
		{2DE2692C-8D46-4B89-8FD8-CF3DF95FD982}.Debug|Any CPU.Build.0 = Debug|Any CPU
		{2DE2692C-8D46-4B89-8FD8-CF3DF95FD982}.Release|Any CPU.ActiveCfg = Release|Any CPU
		{2DE2692C-8D46-4B89-8FD8-CF3DF95FD982}.Release|Any CPU.Build.0 = Release|Any CPU
		{A4EC5479-0676-435E-8226-F84D280B299A}.Debug|Any CPU.ActiveCfg = Debug|Any CPU
		{A4EC5479-0676-435E-8226-F84D280B299A}.Debug|Any CPU.Build.0 = Debug|Any CPU
		{A4EC5479-0676-435E-8226-F84D280B299A}.Release|Any CPU.ActiveCfg = Release|Any CPU
		{A4EC5479-0676-435E-8226-F84D280B299A}.Release|Any CPU.Build.0 = Release|Any CPU
	EndGlobalSection
	GlobalSection(SolutionProperties) = preSolution
		HideSolutionNode = FALSE
	EndGlobalSection
	GlobalSection(ExtensibilityGlobals) = postSolution
		SolutionGuid = {3CB1C27C-74F9-41D2-81E2-1EF055220DBE}
	EndGlobalSection
EndGlobal
